
Microsoft Visual Studio Solution File, Format Version 12.00
# Visual Studio 15
VisualStudioVersion = 15.0.26430.13
MinimumVisualStudioVersion = 10.0.40219.1
Project("{FAE04EC0-301F-11D3-BF4B-00C04F79EFBC}") = "ExpandableListView.Android", "ExpandableListView\ExpandableListView.Android\ExpandableListView.Android.csproj", "{DE42C31F-6B0F-4B49-824B-14DDEDDFF71F}"
EndProject
Project("{FAE04EC0-301F-11D3-BF4B-00C04F79EFBC}") = "ExpandableListView", "ExpandableListView\ExpandableListView\ExpandableListView.csproj", "{D7F001D6-AA56-4501-B162-A6509E54DE9C}"
EndProject
Project("{FAE04EC0-301F-11D3-BF4B-00C04F79EFBC}") = "ExpandableListView.UWP", "ExpandableListView\ExpandableListView.UWP\ExpandableListView.UWP.csproj", "{250D0AD2-74DB-4D14-99E0-16698E49D900}"
EndProject
Project("{FAE04EC0-301F-11D3-BF4B-00C04F79EFBC}") = "ExpandableListView.iOS", "ExpandableListView\ExpandableListView.iOS\ExpandableListView.iOS.csproj", "{8C152DB0-6AA2-480A-BB83-751B80F3C74D}"
EndProject
Project("{2150E333-8FDC-42A3-9474-1A3956D46DE8}") = "Tests", "Tests", "{2BA69388-F76F-4C33-966A-26AC56850091}"
EndProject
Project("{FAE04EC0-301F-11D3-BF4B-00C04F79EFBC}") = "ExpandableListView.UnitTests", "ExpandableListView.UnitTests\ExpandableListView.UnitTests.csproj", "{BCBAF154-3EBA-4A90-AB88-EAA217B28CDE}"
EndProject
Global
	GlobalSection(SolutionConfigurationPlatforms) = preSolution
		Ad-Hoc|Any CPU = Ad-Hoc|Any CPU
		Ad-Hoc|ARM = Ad-Hoc|ARM
		Ad-Hoc|iPhone = Ad-Hoc|iPhone
		Ad-Hoc|iPhoneSimulator = Ad-Hoc|iPhoneSimulator
		Ad-Hoc|x64 = Ad-Hoc|x64
		Ad-Hoc|x86 = Ad-Hoc|x86
		AppStore|Any CPU = AppStore|Any CPU
		AppStore|ARM = AppStore|ARM
		AppStore|iPhone = AppStore|iPhone
		AppStore|iPhoneSimulator = AppStore|iPhoneSimulator
		AppStore|x64 = AppStore|x64
		AppStore|x86 = AppStore|x86
		Debug|Any CPU = Debug|Any CPU
		Debug|ARM = Debug|ARM
		Debug|iPhone = Debug|iPhone
		Debug|iPhoneSimulator = Debug|iPhoneSimulator
		Debug|x64 = Debug|x64
		Debug|x86 = Debug|x86
		Release|Any CPU = Release|Any CPU
		Release|ARM = Release|ARM
		Release|iPhone = Release|iPhone
		Release|iPhoneSimulator = Release|iPhoneSimulator
		Release|x64 = Release|x64
		Release|x86 = Release|x86
	EndGlobalSection
	GlobalSection(ProjectConfigurationPlatforms) = postSolution
		{DE42C31F-6B0F-4B49-824B-14DDEDDFF71F}.Ad-Hoc|Any CPU.ActiveCfg = Release|Any CPU
		{DE42C31F-6B0F-4B49-824B-14DDEDDFF71F}.Ad-Hoc|Any CPU.Build.0 = Release|Any CPU
		{DE42C31F-6B0F-4B49-824B-14DDEDDFF71F}.Ad-Hoc|Any CPU.Deploy.0 = Release|Any CPU
		{DE42C31F-6B0F-4B49-824B-14DDEDDFF71F}.Ad-Hoc|ARM.ActiveCfg = Release|Any CPU
		{DE42C31F-6B0F-4B49-824B-14DDEDDFF71F}.Ad-Hoc|ARM.Build.0 = Release|Any CPU
		{DE42C31F-6B0F-4B49-824B-14DDEDDFF71F}.Ad-Hoc|ARM.Deploy.0 = Release|Any CPU
		{DE42C31F-6B0F-4B49-824B-14DDEDDFF71F}.Ad-Hoc|iPhone.ActiveCfg = Release|Any CPU
		{DE42C31F-6B0F-4B49-824B-14DDEDDFF71F}.Ad-Hoc|iPhone.Build.0 = Release|Any CPU
		{DE42C31F-6B0F-4B49-824B-14DDEDDFF71F}.Ad-Hoc|iPhone.Deploy.0 = Release|Any CPU
		{DE42C31F-6B0F-4B49-824B-14DDEDDFF71F}.Ad-Hoc|iPhoneSimulator.ActiveCfg = Release|Any CPU
		{DE42C31F-6B0F-4B49-824B-14DDEDDFF71F}.Ad-Hoc|iPhoneSimulator.Build.0 = Release|Any CPU
		{DE42C31F-6B0F-4B49-824B-14DDEDDFF71F}.Ad-Hoc|iPhoneSimulator.Deploy.0 = Release|Any CPU
		{DE42C31F-6B0F-4B49-824B-14DDEDDFF71F}.Ad-Hoc|x64.ActiveCfg = Release|Any CPU
		{DE42C31F-6B0F-4B49-824B-14DDEDDFF71F}.Ad-Hoc|x64.Build.0 = Release|Any CPU
		{DE42C31F-6B0F-4B49-824B-14DDEDDFF71F}.Ad-Hoc|x64.Deploy.0 = Release|Any CPU
		{DE42C31F-6B0F-4B49-824B-14DDEDDFF71F}.Ad-Hoc|x86.ActiveCfg = Release|Any CPU
		{DE42C31F-6B0F-4B49-824B-14DDEDDFF71F}.Ad-Hoc|x86.Build.0 = Release|Any CPU
		{DE42C31F-6B0F-4B49-824B-14DDEDDFF71F}.Ad-Hoc|x86.Deploy.0 = Release|Any CPU
		{DE42C31F-6B0F-4B49-824B-14DDEDDFF71F}.AppStore|Any CPU.ActiveCfg = Release|Any CPU
		{DE42C31F-6B0F-4B49-824B-14DDEDDFF71F}.AppStore|Any CPU.Build.0 = Release|Any CPU
		{DE42C31F-6B0F-4B49-824B-14DDEDDFF71F}.AppStore|Any CPU.Deploy.0 = Release|Any CPU
		{DE42C31F-6B0F-4B49-824B-14DDEDDFF71F}.AppStore|ARM.ActiveCfg = Release|Any CPU
		{DE42C31F-6B0F-4B49-824B-14DDEDDFF71F}.AppStore|ARM.Build.0 = Release|Any CPU
		{DE42C31F-6B0F-4B49-824B-14DDEDDFF71F}.AppStore|ARM.Deploy.0 = Release|Any CPU
		{DE42C31F-6B0F-4B49-824B-14DDEDDFF71F}.AppStore|iPhone.ActiveCfg = Release|Any CPU
		{DE42C31F-6B0F-4B49-824B-14DDEDDFF71F}.AppStore|iPhone.Build.0 = Release|Any CPU
		{DE42C31F-6B0F-4B49-824B-14DDEDDFF71F}.AppStore|iPhone.Deploy.0 = Release|Any CPU
		{DE42C31F-6B0F-4B49-824B-14DDEDDFF71F}.AppStore|iPhoneSimulator.ActiveCfg = Release|Any CPU
		{DE42C31F-6B0F-4B49-824B-14DDEDDFF71F}.AppStore|iPhoneSimulator.Build.0 = Release|Any CPU
		{DE42C31F-6B0F-4B49-824B-14DDEDDFF71F}.AppStore|iPhoneSimulator.Deploy.0 = Release|Any CPU
		{DE42C31F-6B0F-4B49-824B-14DDEDDFF71F}.AppStore|x64.ActiveCfg = Release|Any CPU
		{DE42C31F-6B0F-4B49-824B-14DDEDDFF71F}.AppStore|x64.Build.0 = Release|Any CPU
		{DE42C31F-6B0F-4B49-824B-14DDEDDFF71F}.AppStore|x64.Deploy.0 = Release|Any CPU
		{DE42C31F-6B0F-4B49-824B-14DDEDDFF71F}.AppStore|x86.ActiveCfg = Release|Any CPU
		{DE42C31F-6B0F-4B49-824B-14DDEDDFF71F}.AppStore|x86.Build.0 = Release|Any CPU
		{DE42C31F-6B0F-4B49-824B-14DDEDDFF71F}.AppStore|x86.Deploy.0 = Release|Any CPU
		{DE42C31F-6B0F-4B49-824B-14DDEDDFF71F}.Debug|Any CPU.ActiveCfg = Debug|Any CPU
		{DE42C31F-6B0F-4B49-824B-14DDEDDFF71F}.Debug|Any CPU.Build.0 = Debug|Any CPU
		{DE42C31F-6B0F-4B49-824B-14DDEDDFF71F}.Debug|Any CPU.Deploy.0 = Debug|Any CPU
		{DE42C31F-6B0F-4B49-824B-14DDEDDFF71F}.Debug|ARM.ActiveCfg = Debug|Any CPU
		{DE42C31F-6B0F-4B49-824B-14DDEDDFF71F}.Debug|ARM.Build.0 = Debug|Any CPU
		{DE42C31F-6B0F-4B49-824B-14DDEDDFF71F}.Debug|ARM.Deploy.0 = Debug|Any CPU
		{DE42C31F-6B0F-4B49-824B-14DDEDDFF71F}.Debug|iPhone.ActiveCfg = Debug|Any CPU
		{DE42C31F-6B0F-4B49-824B-14DDEDDFF71F}.Debug|iPhone.Build.0 = Debug|Any CPU
		{DE42C31F-6B0F-4B49-824B-14DDEDDFF71F}.Debug|iPhone.Deploy.0 = Debug|Any CPU
		{DE42C31F-6B0F-4B49-824B-14DDEDDFF71F}.Debug|iPhoneSimulator.ActiveCfg = Debug|Any CPU
		{DE42C31F-6B0F-4B49-824B-14DDEDDFF71F}.Debug|iPhoneSimulator.Build.0 = Debug|Any CPU
		{DE42C31F-6B0F-4B49-824B-14DDEDDFF71F}.Debug|iPhoneSimulator.Deploy.0 = Debug|Any CPU
		{DE42C31F-6B0F-4B49-824B-14DDEDDFF71F}.Debug|x64.ActiveCfg = Debug|Any CPU
		{DE42C31F-6B0F-4B49-824B-14DDEDDFF71F}.Debug|x64.Build.0 = Debug|Any CPU
		{DE42C31F-6B0F-4B49-824B-14DDEDDFF71F}.Debug|x64.Deploy.0 = Debug|Any CPU
		{DE42C31F-6B0F-4B49-824B-14DDEDDFF71F}.Debug|x86.ActiveCfg = Debug|Any CPU
		{DE42C31F-6B0F-4B49-824B-14DDEDDFF71F}.Debug|x86.Build.0 = Debug|Any CPU
		{DE42C31F-6B0F-4B49-824B-14DDEDDFF71F}.Debug|x86.Deploy.0 = Debug|Any CPU
		{DE42C31F-6B0F-4B49-824B-14DDEDDFF71F}.Release|Any CPU.ActiveCfg = Release|Any CPU
		{DE42C31F-6B0F-4B49-824B-14DDEDDFF71F}.Release|Any CPU.Build.0 = Release|Any CPU
		{DE42C31F-6B0F-4B49-824B-14DDEDDFF71F}.Release|Any CPU.Deploy.0 = Release|Any CPU
		{DE42C31F-6B0F-4B49-824B-14DDEDDFF71F}.Release|ARM.ActiveCfg = Release|Any CPU
		{DE42C31F-6B0F-4B49-824B-14DDEDDFF71F}.Release|ARM.Build.0 = Release|Any CPU
		{DE42C31F-6B0F-4B49-824B-14DDEDDFF71F}.Release|ARM.Deploy.0 = Release|Any CPU
		{DE42C31F-6B0F-4B49-824B-14DDEDDFF71F}.Release|iPhone.ActiveCfg = Release|Any CPU
		{DE42C31F-6B0F-4B49-824B-14DDEDDFF71F}.Release|iPhone.Build.0 = Release|Any CPU
		{DE42C31F-6B0F-4B49-824B-14DDEDDFF71F}.Release|iPhone.Deploy.0 = Release|Any CPU
		{DE42C31F-6B0F-4B49-824B-14DDEDDFF71F}.Release|iPhoneSimulator.ActiveCfg = Release|Any CPU
		{DE42C31F-6B0F-4B49-824B-14DDEDDFF71F}.Release|iPhoneSimulator.Build.0 = Release|Any CPU
		{DE42C31F-6B0F-4B49-824B-14DDEDDFF71F}.Release|iPhoneSimulator.Deploy.0 = Release|Any CPU
		{DE42C31F-6B0F-4B49-824B-14DDEDDFF71F}.Release|x64.ActiveCfg = Release|Any CPU
		{DE42C31F-6B0F-4B49-824B-14DDEDDFF71F}.Release|x64.Build.0 = Release|Any CPU
		{DE42C31F-6B0F-4B49-824B-14DDEDDFF71F}.Release|x64.Deploy.0 = Release|Any CPU
		{DE42C31F-6B0F-4B49-824B-14DDEDDFF71F}.Release|x86.ActiveCfg = Release|Any CPU
		{DE42C31F-6B0F-4B49-824B-14DDEDDFF71F}.Release|x86.Build.0 = Release|Any CPU
		{DE42C31F-6B0F-4B49-824B-14DDEDDFF71F}.Release|x86.Deploy.0 = Release|Any CPU
		{D7F001D6-AA56-4501-B162-A6509E54DE9C}.Ad-Hoc|Any CPU.ActiveCfg = Release|Any CPU
		{D7F001D6-AA56-4501-B162-A6509E54DE9C}.Ad-Hoc|Any CPU.Build.0 = Release|Any CPU
		{D7F001D6-AA56-4501-B162-A6509E54DE9C}.Ad-Hoc|ARM.ActiveCfg = Release|Any CPU
		{D7F001D6-AA56-4501-B162-A6509E54DE9C}.Ad-Hoc|ARM.Build.0 = Release|Any CPU
		{D7F001D6-AA56-4501-B162-A6509E54DE9C}.Ad-Hoc|iPhone.ActiveCfg = Release|Any CPU
		{D7F001D6-AA56-4501-B162-A6509E54DE9C}.Ad-Hoc|iPhone.Build.0 = Release|Any CPU
		{D7F001D6-AA56-4501-B162-A6509E54DE9C}.Ad-Hoc|iPhoneSimulator.ActiveCfg = Release|Any CPU
		{D7F001D6-AA56-4501-B162-A6509E54DE9C}.Ad-Hoc|iPhoneSimulator.Build.0 = Release|Any CPU
		{D7F001D6-AA56-4501-B162-A6509E54DE9C}.Ad-Hoc|x64.ActiveCfg = Release|Any CPU
		{D7F001D6-AA56-4501-B162-A6509E54DE9C}.Ad-Hoc|x64.Build.0 = Release|Any CPU
		{D7F001D6-AA56-4501-B162-A6509E54DE9C}.Ad-Hoc|x86.ActiveCfg = Release|Any CPU
		{D7F001D6-AA56-4501-B162-A6509E54DE9C}.Ad-Hoc|x86.Build.0 = Release|Any CPU
		{D7F001D6-AA56-4501-B162-A6509E54DE9C}.AppStore|Any CPU.ActiveCfg = Release|Any CPU
		{D7F001D6-AA56-4501-B162-A6509E54DE9C}.AppStore|Any CPU.Build.0 = Release|Any CPU
		{D7F001D6-AA56-4501-B162-A6509E54DE9C}.AppStore|ARM.ActiveCfg = Release|Any CPU
		{D7F001D6-AA56-4501-B162-A6509E54DE9C}.AppStore|ARM.Build.0 = Release|Any CPU
		{D7F001D6-AA56-4501-B162-A6509E54DE9C}.AppStore|iPhone.ActiveCfg = Release|Any CPU
		{D7F001D6-AA56-4501-B162-A6509E54DE9C}.AppStore|iPhone.Build.0 = Release|Any CPU
		{D7F001D6-AA56-4501-B162-A6509E54DE9C}.AppStore|iPhoneSimulator.ActiveCfg = Release|Any CPU
		{D7F001D6-AA56-4501-B162-A6509E54DE9C}.AppStore|iPhoneSimulator.Build.0 = Release|Any CPU
		{D7F001D6-AA56-4501-B162-A6509E54DE9C}.AppStore|x64.ActiveCfg = Release|Any CPU
		{D7F001D6-AA56-4501-B162-A6509E54DE9C}.AppStore|x64.Build.0 = Release|Any CPU
		{D7F001D6-AA56-4501-B162-A6509E54DE9C}.AppStore|x86.ActiveCfg = Release|Any CPU
		{D7F001D6-AA56-4501-B162-A6509E54DE9C}.AppStore|x86.Build.0 = Release|Any CPU
		{D7F001D6-AA56-4501-B162-A6509E54DE9C}.Debug|Any CPU.ActiveCfg = Debug|Any CPU
		{D7F001D6-AA56-4501-B162-A6509E54DE9C}.Debug|Any CPU.Build.0 = Debug|Any CPU
		{D7F001D6-AA56-4501-B162-A6509E54DE9C}.Debug|ARM.ActiveCfg = Debug|Any CPU
		{D7F001D6-AA56-4501-B162-A6509E54DE9C}.Debug|ARM.Build.0 = Debug|Any CPU
		{D7F001D6-AA56-4501-B162-A6509E54DE9C}.Debug|iPhone.ActiveCfg = Debug|Any CPU
		{D7F001D6-AA56-4501-B162-A6509E54DE9C}.Debug|iPhone.Build.0 = Debug|Any CPU
		{D7F001D6-AA56-4501-B162-A6509E54DE9C}.Debug|iPhoneSimulator.ActiveCfg = Debug|Any CPU
		{D7F001D6-AA56-4501-B162-A6509E54DE9C}.Debug|iPhoneSimulator.Build.0 = Debug|Any CPU
		{D7F001D6-AA56-4501-B162-A6509E54DE9C}.Debug|x64.ActiveCfg = Debug|Any CPU
		{D7F001D6-AA56-4501-B162-A6509E54DE9C}.Debug|x64.Build.0 = Debug|Any CPU
		{D7F001D6-AA56-4501-B162-A6509E54DE9C}.Debug|x86.ActiveCfg = Debug|Any CPU
		{D7F001D6-AA56-4501-B162-A6509E54DE9C}.Debug|x86.Build.0 = Debug|Any CPU
		{D7F001D6-AA56-4501-B162-A6509E54DE9C}.Release|Any CPU.ActiveCfg = Release|Any CPU
		{D7F001D6-AA56-4501-B162-A6509E54DE9C}.Release|Any CPU.Build.0 = Release|Any CPU
		{D7F001D6-AA56-4501-B162-A6509E54DE9C}.Release|ARM.ActiveCfg = Release|Any CPU
		{D7F001D6-AA56-4501-B162-A6509E54DE9C}.Release|ARM.Build.0 = Release|Any CPU
		{D7F001D6-AA56-4501-B162-A6509E54DE9C}.Release|iPhone.ActiveCfg = Release|Any CPU
		{D7F001D6-AA56-4501-B162-A6509E54DE9C}.Release|iPhone.Build.0 = Release|Any CPU
		{D7F001D6-AA56-4501-B162-A6509E54DE9C}.Release|iPhoneSimulator.ActiveCfg = Release|Any CPU
		{D7F001D6-AA56-4501-B162-A6509E54DE9C}.Release|iPhoneSimulator.Build.0 = Release|Any CPU
		{D7F001D6-AA56-4501-B162-A6509E54DE9C}.Release|x64.ActiveCfg = Release|Any CPU
		{D7F001D6-AA56-4501-B162-A6509E54DE9C}.Release|x64.Build.0 = Release|Any CPU
		{D7F001D6-AA56-4501-B162-A6509E54DE9C}.Release|x86.ActiveCfg = Release|Any CPU
		{D7F001D6-AA56-4501-B162-A6509E54DE9C}.Release|x86.Build.0 = Release|Any CPU
		{250D0AD2-74DB-4D14-99E0-16698E49D900}.Ad-Hoc|Any CPU.ActiveCfg = Release|x86
		{250D0AD2-74DB-4D14-99E0-16698E49D900}.Ad-Hoc|Any CPU.Build.0 = Release|x86
		{250D0AD2-74DB-4D14-99E0-16698E49D900}.Ad-Hoc|Any CPU.Deploy.0 = Release|x86
		{250D0AD2-74DB-4D14-99E0-16698E49D900}.Ad-Hoc|ARM.ActiveCfg = Release|ARM
		{250D0AD2-74DB-4D14-99E0-16698E49D900}.Ad-Hoc|ARM.Build.0 = Release|ARM
		{250D0AD2-74DB-4D14-99E0-16698E49D900}.Ad-Hoc|ARM.Deploy.0 = Release|ARM
		{250D0AD2-74DB-4D14-99E0-16698E49D900}.Ad-Hoc|iPhone.ActiveCfg = Release|x86
		{250D0AD2-74DB-4D14-99E0-16698E49D900}.Ad-Hoc|iPhone.Build.0 = Release|x86
		{250D0AD2-74DB-4D14-99E0-16698E49D900}.Ad-Hoc|iPhone.Deploy.0 = Release|x86
		{250D0AD2-74DB-4D14-99E0-16698E49D900}.Ad-Hoc|iPhoneSimulator.ActiveCfg = Release|x86
		{250D0AD2-74DB-4D14-99E0-16698E49D900}.Ad-Hoc|iPhoneSimulator.Build.0 = Release|x86
		{250D0AD2-74DB-4D14-99E0-16698E49D900}.Ad-Hoc|iPhoneSimulator.Deploy.0 = Release|x86
		{250D0AD2-74DB-4D14-99E0-16698E49D900}.Ad-Hoc|x64.ActiveCfg = Release|x64
		{250D0AD2-74DB-4D14-99E0-16698E49D900}.Ad-Hoc|x64.Build.0 = Release|x64
		{250D0AD2-74DB-4D14-99E0-16698E49D900}.Ad-Hoc|x64.Deploy.0 = Release|x64
		{250D0AD2-74DB-4D14-99E0-16698E49D900}.Ad-Hoc|x86.ActiveCfg = Release|x86
		{250D0AD2-74DB-4D14-99E0-16698E49D900}.Ad-Hoc|x86.Build.0 = Release|x86
		{250D0AD2-74DB-4D14-99E0-16698E49D900}.Ad-Hoc|x86.Deploy.0 = Release|x86
		{250D0AD2-74DB-4D14-99E0-16698E49D900}.AppStore|Any CPU.ActiveCfg = Release|x86
		{250D0AD2-74DB-4D14-99E0-16698E49D900}.AppStore|Any CPU.Build.0 = Release|x86
		{250D0AD2-74DB-4D14-99E0-16698E49D900}.AppStore|Any CPU.Deploy.0 = Release|x86
		{250D0AD2-74DB-4D14-99E0-16698E49D900}.AppStore|ARM.ActiveCfg = Release|ARM
		{250D0AD2-74DB-4D14-99E0-16698E49D900}.AppStore|ARM.Build.0 = Release|ARM
		{250D0AD2-74DB-4D14-99E0-16698E49D900}.AppStore|ARM.Deploy.0 = Release|ARM
		{250D0AD2-74DB-4D14-99E0-16698E49D900}.AppStore|iPhone.ActiveCfg = Release|x86
		{250D0AD2-74DB-4D14-99E0-16698E49D900}.AppStore|iPhone.Build.0 = Release|x86
		{250D0AD2-74DB-4D14-99E0-16698E49D900}.AppStore|iPhone.Deploy.0 = Release|x86
		{250D0AD2-74DB-4D14-99E0-16698E49D900}.AppStore|iPhoneSimulator.ActiveCfg = Release|x86
		{250D0AD2-74DB-4D14-99E0-16698E49D900}.AppStore|iPhoneSimulator.Build.0 = Release|x86
		{250D0AD2-74DB-4D14-99E0-16698E49D900}.AppStore|iPhoneSimulator.Deploy.0 = Release|x86
		{250D0AD2-74DB-4D14-99E0-16698E49D900}.AppStore|x64.ActiveCfg = Release|x64
		{250D0AD2-74DB-4D14-99E0-16698E49D900}.AppStore|x64.Build.0 = Release|x64
		{250D0AD2-74DB-4D14-99E0-16698E49D900}.AppStore|x64.Deploy.0 = Release|x64
		{250D0AD2-74DB-4D14-99E0-16698E49D900}.AppStore|x86.ActiveCfg = Release|x86
		{250D0AD2-74DB-4D14-99E0-16698E49D900}.AppStore|x86.Build.0 = Release|x86
		{250D0AD2-74DB-4D14-99E0-16698E49D900}.AppStore|x86.Deploy.0 = Release|x86
		{250D0AD2-74DB-4D14-99E0-16698E49D900}.Debug|Any CPU.ActiveCfg = Debug|x86
		{250D0AD2-74DB-4D14-99E0-16698E49D900}.Debug|ARM.ActiveCfg = Debug|ARM
		{250D0AD2-74DB-4D14-99E0-16698E49D900}.Debug|ARM.Build.0 = Debug|ARM
		{250D0AD2-74DB-4D14-99E0-16698E49D900}.Debug|ARM.Deploy.0 = Debug|ARM
		{250D0AD2-74DB-4D14-99E0-16698E49D900}.Debug|iPhone.ActiveCfg = Debug|x86
		{250D0AD2-74DB-4D14-99E0-16698E49D900}.Debug|iPhoneSimulator.ActiveCfg = Debug|x86
		{250D0AD2-74DB-4D14-99E0-16698E49D900}.Debug|x64.ActiveCfg = Debug|x64
		{250D0AD2-74DB-4D14-99E0-16698E49D900}.Debug|x64.Build.0 = Debug|x64
		{250D0AD2-74DB-4D14-99E0-16698E49D900}.Debug|x64.Deploy.0 = Debug|x64
		{250D0AD2-74DB-4D14-99E0-16698E49D900}.Debug|x86.ActiveCfg = Debug|x86
		{250D0AD2-74DB-4D14-99E0-16698E49D900}.Debug|x86.Build.0 = Debug|x86
		{250D0AD2-74DB-4D14-99E0-16698E49D900}.Debug|x86.Deploy.0 = Debug|x86
		{250D0AD2-74DB-4D14-99E0-16698E49D900}.Release|Any CPU.ActiveCfg = Release|x86
		{250D0AD2-74DB-4D14-99E0-16698E49D900}.Release|ARM.ActiveCfg = Release|ARM
		{250D0AD2-74DB-4D14-99E0-16698E49D900}.Release|ARM.Build.0 = Release|ARM
		{250D0AD2-74DB-4D14-99E0-16698E49D900}.Release|ARM.Deploy.0 = Release|ARM
		{250D0AD2-74DB-4D14-99E0-16698E49D900}.Release|iPhone.ActiveCfg = Release|x86
		{250D0AD2-74DB-4D14-99E0-16698E49D900}.Release|iPhoneSimulator.ActiveCfg = Release|x86
		{250D0AD2-74DB-4D14-99E0-16698E49D900}.Release|x64.ActiveCfg = Release|x64
		{250D0AD2-74DB-4D14-99E0-16698E49D900}.Release|x64.Build.0 = Release|x64
		{250D0AD2-74DB-4D14-99E0-16698E49D900}.Release|x64.Deploy.0 = Release|x64
		{250D0AD2-74DB-4D14-99E0-16698E49D900}.Release|x86.ActiveCfg = Release|x86
		{250D0AD2-74DB-4D14-99E0-16698E49D900}.Release|x86.Build.0 = Release|x86
		{250D0AD2-74DB-4D14-99E0-16698E49D900}.Release|x86.Deploy.0 = Release|x86
		{8C152DB0-6AA2-480A-BB83-751B80F3C74D}.Ad-Hoc|Any CPU.ActiveCfg = Ad-Hoc|iPhone
		{8C152DB0-6AA2-480A-BB83-751B80F3C74D}.Ad-Hoc|ARM.ActiveCfg = Ad-Hoc|iPhone
		{8C152DB0-6AA2-480A-BB83-751B80F3C74D}.Ad-Hoc|iPhone.ActiveCfg = Ad-Hoc|iPhone
		{8C152DB0-6AA2-480A-BB83-751B80F3C74D}.Ad-Hoc|iPhone.Build.0 = Ad-Hoc|iPhone
		{8C152DB0-6AA2-480A-BB83-751B80F3C74D}.Ad-Hoc|iPhoneSimulator.ActiveCfg = Ad-Hoc|iPhoneSimulator
		{8C152DB0-6AA2-480A-BB83-751B80F3C74D}.Ad-Hoc|iPhoneSimulator.Build.0 = Ad-Hoc|iPhoneSimulator
		{8C152DB0-6AA2-480A-BB83-751B80F3C74D}.Ad-Hoc|x64.ActiveCfg = Ad-Hoc|iPhone
		{8C152DB0-6AA2-480A-BB83-751B80F3C74D}.Ad-Hoc|x86.ActiveCfg = Ad-Hoc|iPhone
		{8C152DB0-6AA2-480A-BB83-751B80F3C74D}.AppStore|Any CPU.ActiveCfg = AppStore|iPhone
		{8C152DB0-6AA2-480A-BB83-751B80F3C74D}.AppStore|ARM.ActiveCfg = AppStore|iPhone
		{8C152DB0-6AA2-480A-BB83-751B80F3C74D}.AppStore|iPhone.ActiveCfg = AppStore|iPhone
		{8C152DB0-6AA2-480A-BB83-751B80F3C74D}.AppStore|iPhone.Build.0 = AppStore|iPhone
		{8C152DB0-6AA2-480A-BB83-751B80F3C74D}.AppStore|iPhoneSimulator.ActiveCfg = AppStore|iPhoneSimulator
		{8C152DB0-6AA2-480A-BB83-751B80F3C74D}.AppStore|iPhoneSimulator.Build.0 = AppStore|iPhoneSimulator
		{8C152DB0-6AA2-480A-BB83-751B80F3C74D}.AppStore|x64.ActiveCfg = AppStore|iPhone
		{8C152DB0-6AA2-480A-BB83-751B80F3C74D}.AppStore|x86.ActiveCfg = AppStore|iPhone
		{8C152DB0-6AA2-480A-BB83-751B80F3C74D}.Debug|Any CPU.ActiveCfg = Debug|iPhone
		{8C152DB0-6AA2-480A-BB83-751B80F3C74D}.Debug|ARM.ActiveCfg = Debug|iPhone
		{8C152DB0-6AA2-480A-BB83-751B80F3C74D}.Debug|iPhone.ActiveCfg = Debug|iPhone
		{8C152DB0-6AA2-480A-BB83-751B80F3C74D}.Debug|iPhone.Build.0 = Debug|iPhone
		{8C152DB0-6AA2-480A-BB83-751B80F3C74D}.Debug|iPhoneSimulator.ActiveCfg = Debug|iPhoneSimulator
		{8C152DB0-6AA2-480A-BB83-751B80F3C74D}.Debug|iPhoneSimulator.Build.0 = Debug|iPhoneSimulator
		{8C152DB0-6AA2-480A-BB83-751B80F3C74D}.Debug|x64.ActiveCfg = Debug|iPhone
		{8C152DB0-6AA2-480A-BB83-751B80F3C74D}.Debug|x86.ActiveCfg = Debug|iPhone
		{8C152DB0-6AA2-480A-BB83-751B80F3C74D}.Release|Any CPU.ActiveCfg = Release|iPhone
		{8C152DB0-6AA2-480A-BB83-751B80F3C74D}.Release|ARM.ActiveCfg = Release|iPhone
		{8C152DB0-6AA2-480A-BB83-751B80F3C74D}.Release|iPhone.ActiveCfg = Release|iPhone
		{8C152DB0-6AA2-480A-BB83-751B80F3C74D}.Release|iPhone.Build.0 = Release|iPhone
		{8C152DB0-6AA2-480A-BB83-751B80F3C74D}.Release|iPhoneSimulator.ActiveCfg = Release|iPhoneSimulator
		{8C152DB0-6AA2-480A-BB83-751B80F3C74D}.Release|iPhoneSimulator.Build.0 = Release|iPhoneSimulator
		{8C152DB0-6AA2-480A-BB83-751B80F3C74D}.Release|x64.ActiveCfg = Release|iPhone
		{8C152DB0-6AA2-480A-BB83-751B80F3C74D}.Release|x86.ActiveCfg = Release|iPhone
		{BCBAF154-3EBA-4A90-AB88-EAA217B28CDE}.Ad-Hoc|Any CPU.ActiveCfg = Release|Any CPU
		{BCBAF154-3EBA-4A90-AB88-EAA217B28CDE}.Ad-Hoc|Any CPU.Build.0 = Release|Any CPU
		{BCBAF154-3EBA-4A90-AB88-EAA217B28CDE}.Ad-Hoc|ARM.ActiveCfg = Release|Any CPU
		{BCBAF154-3EBA-4A90-AB88-EAA217B28CDE}.Ad-Hoc|ARM.Build.0 = Release|Any CPU
		{BCBAF154-3EBA-4A90-AB88-EAA217B28CDE}.Ad-Hoc|iPhone.ActiveCfg = Release|Any CPU
		{BCBAF154-3EBA-4A90-AB88-EAA217B28CDE}.Ad-Hoc|iPhone.Build.0 = Release|Any CPU
		{BCBAF154-3EBA-4A90-AB88-EAA217B28CDE}.Ad-Hoc|iPhoneSimulator.ActiveCfg = Release|Any CPU
		{BCBAF154-3EBA-4A90-AB88-EAA217B28CDE}.Ad-Hoc|iPhoneSimulator.Build.0 = Release|Any CPU
		{BCBAF154-3EBA-4A90-AB88-EAA217B28CDE}.Ad-Hoc|x64.ActiveCfg = Release|Any CPU
		{BCBAF154-3EBA-4A90-AB88-EAA217B28CDE}.Ad-Hoc|x64.Build.0 = Release|Any CPU
		{BCBAF154-3EBA-4A90-AB88-EAA217B28CDE}.Ad-Hoc|x86.ActiveCfg = Release|Any CPU
		{BCBAF154-3EBA-4A90-AB88-EAA217B28CDE}.Ad-Hoc|x86.Build.0 = Release|Any CPU
		{BCBAF154-3EBA-4A90-AB88-EAA217B28CDE}.AppStore|Any CPU.ActiveCfg = Release|Any CPU
		{BCBAF154-3EBA-4A90-AB88-EAA217B28CDE}.AppStore|Any CPU.Build.0 = Release|Any CPU
		{BCBAF154-3EBA-4A90-AB88-EAA217B28CDE}.AppStore|ARM.ActiveCfg = Release|Any CPU
		{BCBAF154-3EBA-4A90-AB88-EAA217B28CDE}.AppStore|ARM.Build.0 = Release|Any CPU
		{BCBAF154-3EBA-4A90-AB88-EAA217B28CDE}.AppStore|iPhone.ActiveCfg = Release|Any CPU
		{BCBAF154-3EBA-4A90-AB88-EAA217B28CDE}.AppStore|iPhone.Build.0 = Release|Any CPU
		{BCBAF154-3EBA-4A90-AB88-EAA217B28CDE}.AppStore|iPhoneSimulator.ActiveCfg = Release|Any CPU
		{BCBAF154-3EBA-4A90-AB88-EAA217B28CDE}.AppStore|iPhoneSimulator.Build.0 = Release|Any CPU
		{BCBAF154-3EBA-4A90-AB88-EAA217B28CDE}.AppStore|x64.ActiveCfg = Release|Any CPU
		{BCBAF154-3EBA-4A90-AB88-EAA217B28CDE}.AppStore|x64.Build.0 = Release|Any CPU
		{BCBAF154-3EBA-4A90-AB88-EAA217B28CDE}.AppStore|x86.ActiveCfg = Release|Any CPU
		{BCBAF154-3EBA-4A90-AB88-EAA217B28CDE}.AppStore|x86.Build.0 = Release|Any CPU
		{BCBAF154-3EBA-4A90-AB88-EAA217B28CDE}.Debug|Any CPU.ActiveCfg = Debug|Any CPU
		{BCBAF154-3EBA-4A90-AB88-EAA217B28CDE}.Debug|Any CPU.Build.0 = Debug|Any CPU
		{BCBAF154-3EBA-4A90-AB88-EAA217B28CDE}.Debug|ARM.ActiveCfg = Debug|Any CPU
		{BCBAF154-3EBA-4A90-AB88-EAA217B28CDE}.Debug|ARM.Build.0 = Debug|Any CPU
		{BCBAF154-3EBA-4A90-AB88-EAA217B28CDE}.Debug|iPhone.ActiveCfg = Debug|Any CPU
		{BCBAF154-3EBA-4A90-AB88-EAA217B28CDE}.Debug|iPhone.Build.0 = Debug|Any CPU
		{BCBAF154-3EBA-4A90-AB88-EAA217B28CDE}.Debug|iPhoneSimulator.ActiveCfg = Debug|Any CPU
		{BCBAF154-3EBA-4A90-AB88-EAA217B28CDE}.Debug|iPhoneSimulator.Build.0 = Debug|Any CPU
		{BCBAF154-3EBA-4A90-AB88-EAA217B28CDE}.Debug|x64.ActiveCfg = Debug|Any CPU
		{BCBAF154-3EBA-4A90-AB88-EAA217B28CDE}.Debug|x64.Build.0 = Debug|Any CPU
		{BCBAF154-3EBA-4A90-AB88-EAA217B28CDE}.Debug|x86.ActiveCfg = Debug|Any CPU
		{BCBAF154-3EBA-4A90-AB88-EAA217B28CDE}.Debug|x86.Build.0 = Debug|Any CPU
		{BCBAF154-3EBA-4A90-AB88-EAA217B28CDE}.Release|Any CPU.ActiveCfg = Release|Any CPU
		{BCBAF154-3EBA-4A90-AB88-EAA217B28CDE}.Release|Any CPU.Build.0 = Release|Any CPU
		{BCBAF154-3EBA-4A90-AB88-EAA217B28CDE}.Release|ARM.ActiveCfg = Release|Any CPU
		{BCBAF154-3EBA-4A90-AB88-EAA217B28CDE}.Release|ARM.Build.0 = Release|Any CPU
		{BCBAF154-3EBA-4A90-AB88-EAA217B28CDE}.Release|iPhone.ActiveCfg = Release|Any CPU
		{BCBAF154-3EBA-4A90-AB88-EAA217B28CDE}.Release|iPhone.Build.0 = Release|Any CPU
		{BCBAF154-3EBA-4A90-AB88-EAA217B28CDE}.Release|iPhoneSimulator.ActiveCfg = Release|Any CPU
		{BCBAF154-3EBA-4A90-AB88-EAA217B28CDE}.Release|iPhoneSimulator.Build.0 = Release|Any CPU
		{BCBAF154-3EBA-4A90-AB88-EAA217B28CDE}.Release|x64.ActiveCfg = Release|Any CPU
		{BCBAF154-3EBA-4A90-AB88-EAA217B28CDE}.Release|x64.Build.0 = Release|Any CPU
		{BCBAF154-3EBA-4A90-AB88-EAA217B28CDE}.Release|x86.ActiveCfg = Release|Any CPU
		{BCBAF154-3EBA-4A90-AB88-EAA217B28CDE}.Release|x86.Build.0 = Release|Any CPU
	EndGlobalSection
	GlobalSection(SolutionProperties) = preSolution
		HideSolutionNode = FALSE
	EndGlobalSection
	GlobalSection(NestedProjects) = preSolution
		{BCBAF154-3EBA-4A90-AB88-EAA217B28CDE} = {2BA69388-F76F-4C33-966A-26AC56850091}
	EndGlobalSection
EndGlobal
